# This file is automatically @generated by Cargo.
# It is not intended for manual editing.
version = 4

[[package]]
name = "bank-test"
version = "0.1.0"
dependencies = [
 "gb-bank",
 "gb-rt",
 "gbdk-sys",
]

[[package]]
name = "bitfield-struct"
version = "0.13.0"
source = "registry+https://github.com/rust-lang/crates.io-index"
checksum = "3ca6739863c590881f038d033a146c51ddae239186a4327014839fd864f44ed5"
dependencies = [
 "proc-macro2",
 "quote",
 "syn 2.0.117",
]

[[package]]
name = "bitflags"
version = "2.12.1"
source = "registry+https://github.com/rust-lang/crates.io-index"
checksum = "84d7ced0ae9557296835c32bf1b1e02b44c746701f898460fb000d7eaa84f00a"

[[package]]
name = "critical-section"
version = "1.2.0"
source = "registry+https://github.com/rust-lang/crates.io-index"
checksum = "790eea4361631c5e7d22598ecd5723ff611904e3344ce8720784c93e3d83d40b"

[[package]]
name = "equivalent"
version = "1.0.2"
source = "registry+https://github.com/rust-lang/crates.io-index"
checksum = "877a4ace8713b0bcf2a4e7eec82529c029f1d0619886d18145fea96c3ffe5c0f"

[[package]]
name = "gb"
version = "0.1.0"
dependencies = [
 "bitfield-struct",
 "bitflags",
 "critical-section",
 "gb-bank",
 "gb-bank-macros",
 "gb-hram",
 "gb-ram-fn",
 "gb-rt",
 "voladdress",
]

[[package]]
name = "gb-bank"
version = "0.1.0"
dependencies = [
 "gb-bank-macros",
 "gb-hram",
]

[[package]]
name = "gb-bank-macros"
version = "0.1.0"
dependencies = [
 "proc-macro-crate",
 "proc-macro2",
 "quote",
 "syn 2.0.117",
]

[[package]]
name = "gb-hram"
version = "0.1.0"
dependencies = [
 "critical-section",
]

[[package]]
name = "gb-ram-fn"
version = "0.1.0"
dependencies = [
 "gb-ram-fn-macros",
]

[[package]]
name = "gb-ram-fn-macros"
version = "0.1.0"
dependencies = [
 "proc-macro-crate",
 "proc-macro2",
 "quote",
 "syn 2.0.117",
]

[[package]]
name = "gb-rt"
version = "0.1.0"
dependencies = [
 "critical-section",
 "gb-rt-macros",
]

[[package]]
name = "gb-rt-macros"
version = "0.1.0"
dependencies = [
 "proc-macro-crate",
 "proc-macro2",
 "quote",
 "syn 2.0.117",
]

[[package]]
name = "gbdk-apa-image"
version = "0.1.0"
dependencies = [
 "gb-rt",
 "gbdk-sys",
]

[[package]]
name = "gbdk-colorbar"
version = "0.1.0"
dependencies = [
 "gb-rt",
 "gbdk-sys",
]

[[package]]
name = "gbdk-comm"
version = "0.1.0"
dependencies = [
 "gb-rt",
 "gbdk-sys",
]

[[package]]
name = "gbdk-dscan"
version = "0.1.0"
dependencies = [
 "gb-rt",
 "gbdk-sys",
]

[[package]]
name = "gbdk-dtmf"
version = "0.1.0"
dependencies = [
 "gb-rt",
 "gbdk-sys",
]

[[package]]
name = "gbdk-filltest"
version = "0.1.0"
dependencies = [
 "gb-rt",
 "gbdk-sys",
]

[[package]]
name = "gbdk-galaxy"
version = "0.1.0"
dependencies = [
 "gb-rt",
 "gbdk-sys",
]

[[package]]
name = "gbdk-gbtype"
version = "0.1.0"
dependencies = [
 "gb-rt",
 "gbdk-sys",
]

[[package]]
name = "gbdk-hram"
version = "0.1.0"
dependencies = [
 "gb-hram",
 "gb-rt",
 "gbdk-sys",
]

[[package]]
name = "gbdk-isr-vector"
version = "0.1.0"
dependencies = [
 "gb-rt",
 "gbdk-sys",
]

[[package]]
name = "gbdk-lcd-isr-wobble"
version = "0.1.0"
dependencies = [
 "gb-rt",
 "gbdk-sys",
]

[[package]]
name = "gbdk-paint"
version = "0.1.0"
dependencies = [
 "gb-rt",
 "gbdk-sys",
]

[[package]]
name = "gbdk-ram-function"
version = "0.1.0"
dependencies = [
 "gb-hram",
 "gb-ram-fn",
 "gb-rt",
 "gbdk-sys",
]

[[package]]
name = "gbdk-rand"
version = "0.1.0"
dependencies = [
 "gb-rt",
 "gbdk-sys",
]

[[package]]
name = "gbdk-rpn"
version = "0.1.0"
dependencies = [
 "gb-rt",
 "gbdk-sys",
]

[[package]]
name = "gbdk-sgb-pong"
version = "0.1.0"
dependencies = [
 "gb-rt",
 "gbdk-sys",
]

[[package]]
name = "gbdk-sound"
version = "0.1.0"
dependencies = [
 "gb-rt",
 "gbdk-sys",
]

[[package]]
name = "gbdk-sys"
version = "0.1.0"
dependencies = [
 "gb-hram",
]

[[package]]
name = "hashbrown"
version = "0.17.1"
source = "registry+https://github.com/rust-lang/crates.io-index"
checksum = "ed5909b6e89a2db4456e54cd5f673791d7eca6732202bbf2a9cc504fe2f9b84a"

[[package]]
name = "indexmap"
version = "2.14.0"
source = "registry+https://github.com/rust-lang/crates.io-index"
checksum = "d466e9454f08e4a911e14806c24e16fba1b4c121d1ea474396f396069cf949d9"
dependencies = [
 "equivalent",
 "hashbrown",
]

[[package]]
name = "memchr"
version = "2.8.3"
source = "registry+https://github.com/rust-lang/crates.io-index"
checksum = "cf8baf1c55e62ffcace7a9f06f4bd9cd3f0c4beb022d3b367256b91b87513d98"

[[package]]
name = "proc-macro-crate"
version = "3.5.0"
source = "registry+https://github.com/rust-lang/crates.io-index"
checksum = "e67ba7e9b2b56446f1d419b1d807906278ffa1a658a8a5d8a39dcb1f5a78614f"
dependencies = [
 "toml_edit",
]

[[package]]
name = "proc-macro2"
version = "1.0.106"
source = "registry+https://github.com/rust-lang/crates.io-index"
checksum = "8fd00f0bb2e90d81d1044c2b32617f68fcb9fa3bb7640c23e9c748e53fb30934"
dependencies = [
 "unicode-ident",
]

[[package]]
name = "quote"
version = "1.0.45"
source = "registry+https://github.com/rust-lang/crates.io-index"
checksum = "41f2619966050689382d2b44f664f4bc593e129785a36d6ee376ddf37259b924"
dependencies = [
 "proc-macro2",
]

[[package]]
name = "serde_core"
version = "1.0.229"
source = "registry+https://github.com/rust-lang/crates.io-index"
checksum = "67dca2c9c51e58a4791a4b1ed58308b39c64224d349a935ab5039aa360942a48"
dependencies = [
 "serde_derive",
]

[[package]]
name = "serde_derive"
version = "1.0.229"
source = "registry+https://github.com/rust-lang/crates.io-index"
checksum = "e7a5d71263a5a7d47b41f6b3f06ba276f10cc18b0931f1799f710578e2309348"
dependencies = [
 "proc-macro2",
 "quote",
 "syn 3.0.4",
]

[[package]]
name = "slideshow"
version = "0.1.0"
dependencies = [
 "gb-rt",
 "gbdk-sys",
]

[[package]]
name = "syn"
version = "2.0.117"
source = "registry+https://github.com/rust-lang/crates.io-index"
checksum = "e665b8803e7b1d2a727f4023456bbbbe74da67099c585258af0ad9c5013b9b99"
dependencies = [
 "proc-macro2",
 "quote",
 "unicode-ident",
]

[[package]]
name = "syn"
version = "3.0.4"
source = "registry+https://github.com/rust-lang/crates.io-index"
checksum = "e6275cddf4610d1775e6d1fe9469b2e77d0f39fd98fb7450901b821e0c53649f"
dependencies = [
 "proc-macro2",
 "quote",
 "unicode-ident",
]

[[package]]
name = "template"
version = "0.1.0"
dependencies = [
 "gb-rt",
 "gbdk-sys",
]

[[package]]
name = "toml_datetime"
version = "1.1.1+spec-1.1.0"
source = "registry+https://github.com/rust-lang/crates.io-index"
checksum = "3165f65f62e28e0115a00b2ebdd37eb6f3b641855f9d636d3cd4103767159ad7"
dependencies = [
 "serde_core",
]

[[package]]
name = "toml_edit"
version = "0.25.13+spec-1.1.0"
source = "registry+https://github.com/rust-lang/crates.io-index"
checksum = "6975367e4d2ef766d86af01ffad14b622fecc8d4357a998fbc4deb6e9bacaf9b"
dependencies = [
 "indexmap",
 "toml_datetime",
 "toml_parser",
 "winnow",
]

[[package]]
name = "toml_parser"
version = "1.1.3+spec-1.1.0"
source = "registry+https://github.com/rust-lang/crates.io-index"
checksum = "1d38ac1cf9b95face32296c0a3ede1fdc270627c9d9c02a7274dd6d960dc4d56"
dependencies = [
 "winnow",
]

[[package]]
name = "unicode-ident"
version = "1.0.24"
source = "registry+https://github.com/rust-lang/crates.io-index"
checksum = "e6e4313cd5fcd3dad5cafa179702e2b244f760991f45397d14d4ebf38247da75"

[[package]]
name = "voladdress"
version = "1.4.0"
source = "registry+https://github.com/rust-lang/crates.io-index"
checksum = "75f4a9a7c7e717541992e2405d44d12fb019db4117ec9fcca84b784060b27084"

[[package]]
name = "winnow"
version = "1.0.4"
source = "registry+https://github.com/rust-lang/crates.io-index"
checksum = "23b97319f7b8343df12cc98938e5c3eb436064524c8d2b4e30a1d3a36eecdf81"
dependencies = [
 "memchr",
]
