# This file is automatically @generated by Cargo.
# It is not intended for manual editing.
version = 4

[[package]]
name = "bank-test"
version = "0.1.0"
dependencies = [
 "gb-bank",
 "gb-rt",
 "gbdk-sys",
]

[[package]]
name = "bitfield-struct"
version = "0.13.0"
source = "registry+https://github.com/rust-lang/crates.io-index"
checksum = "3ca6739863c590881f038d033a146c51ddae239186a4327014839fd864f44ed5"
dependencies = [
 "proc-macro2",
 "quote",
 "syn",
]

[[package]]
name = "bitflags"
version = "2.12.1"
source = "registry+https://github.com/rust-lang/crates.io-index"
checksum = "84d7ced0ae9557296835c32bf1b1e02b44c746701f898460fb000d7eaa84f00a"

[[package]]
name = "gb"
version = "0.1.0"
dependencies = [
 "bitfield-struct",
 "bitflags",
 "voladdress",
]

[[package]]
name = "gb-bank"
version = "0.1.0"
dependencies = [
 "gb-bank-macros",
 "gb-bank-type",
]

[[package]]
name = "gb-bank-macros"
version = "0.1.0"
dependencies = [
 "proc-macro2",
 "quote",
 "syn",
]

[[package]]
name = "gb-bank-type"
version = "0.1.0"

[[package]]
name = "gb-rt"
version = "0.1.0"
dependencies = [
 "gb-rt-macros",
]

[[package]]
name = "gb-rt-macros"
version = "0.1.0"
dependencies = [
 "proc-macro2",
 "quote",
 "syn",
]

[[package]]
name = "gbdk-apa-image"
version = "0.1.0"
dependencies = [
 "gb-rt",
 "gbdk-sys",
]

[[package]]
name = "gbdk-colorbar"
version = "0.1.0"
dependencies = [
 "gb-rt",
 "gbdk-sys",
]

[[package]]
name = "gbdk-comm"
version = "0.1.0"
dependencies = [
 "gb-rt",
 "gbdk-sys",
]

[[package]]
name = "gbdk-dscan"
version = "0.1.0"
dependencies = [
 "gb-rt",
 "gbdk-sys",
]

[[package]]
name = "gbdk-dtmf"
version = "0.1.0"
dependencies = [
 "gb-rt",
 "gbdk-sys",
]

[[package]]
name = "gbdk-filltest"
version = "0.1.0"
dependencies = [
 "gb-rt",
 "gbdk-sys",
]

[[package]]
name = "gbdk-galaxy"
version = "0.1.0"
dependencies = [
 "gb-rt",
 "gbdk-sys",
]

[[package]]
name = "gbdk-gbtype"
version = "0.1.0"
dependencies = [
 "gb-rt",
 "gbdk-sys",
]

[[package]]
name = "gbdk-lcd-isr-wobble"
version = "0.1.0"
dependencies = [
 "gb-rt",
 "gbdk-sys",
]

[[package]]
name = "gbdk-paint"
version = "0.1.0"
dependencies = [
 "gb-rt",
 "gbdk-sys",
]

[[package]]
name = "gbdk-rand"
version = "0.1.0"
dependencies = [
 "gb-rt",
 "gbdk-sys",
]

[[package]]
name = "gbdk-rpn"
version = "0.1.0"
dependencies = [
 "gb-rt",
 "gbdk-sys",
]

[[package]]
name = "gbdk-sgb-pong"
version = "0.1.0"
dependencies = [
 "gb-rt",
 "gbdk-sys",
]

[[package]]
name = "gbdk-sys"
version = "0.1.0"

[[package]]
name = "proc-macro2"
version = "1.0.106"
source = "registry+https://github.com/rust-lang/crates.io-index"
checksum = "8fd00f0bb2e90d81d1044c2b32617f68fcb9fa3bb7640c23e9c748e53fb30934"
dependencies = [
 "unicode-ident",
]

[[package]]
name = "quote"
version = "1.0.45"
source = "registry+https://github.com/rust-lang/crates.io-index"
checksum = "41f2619966050689382d2b44f664f4bc593e129785a36d6ee376ddf37259b924"
dependencies = [
 "proc-macro2",
]

[[package]]
name = "slideshow"
version = "0.1.0"
dependencies = [
 "gb-rt",
 "gbdk-sys",
]

[[package]]
name = "syn"
version = "2.0.117"
source = "registry+https://github.com/rust-lang/crates.io-index"
checksum = "e665b8803e7b1d2a727f4023456bbbbe74da67099c585258af0ad9c5013b9b99"
dependencies = [
 "proc-macro2",
 "quote",
 "unicode-ident",
]

[[package]]
name = "template"
version = "0.1.0"
dependencies = [
 "gb-rt",
 "gbdk-sys",
]

[[package]]
name = "unicode-ident"
version = "1.0.24"
source = "registry+https://github.com/rust-lang/crates.io-index"
checksum = "e6e4313cd5fcd3dad5cafa179702e2b244f760991f45397d14d4ebf38247da75"

[[package]]
name = "voladdress"
version = "1.4.0"
source = "registry+https://github.com/rust-lang/crates.io-index"
checksum = "75f4a9a7c7e717541992e2405d44d12fb019db4117ec9fcca84b784060b27084"
